
Microsoft Visual Studio Solution File, Format Version 12.00
# Visual Studio Version 16
VisualStudioVersion = 16.0.31911.196
MinimumVisualStudioVersion = 10.0.40219.1
Project("{FAE04EC0-301F-11D3-BF4B-00C04F79EFBC}") = "1091415_project1", "1091415_project1\1091415_project1.csproj", "{C94BE3B3-1CFD-4959-99C0-1C07F8F9C62F}"
EndProject
Project("{2150E333-8FDC-42A3-9474-1A3956D46DE8}") = "FINAL PROJECT", "FINAL PROJECT", "{B19F8E02-80CE-46DE-BFBF-55220F2F144D}"
EndProject
Project("{FAE04EC0-301F-11D3-BF4B-00C04F79EFBC}") = "BO", "BO\BO.csproj", "{920E2B09-E955-4C8F-AFE7-62CA2D3CA3FB}"
EndProject
Project("{2150E333-8FDC-42A3-9474-1A3956D46DE8}") = "CRUD", "CRUD", "{50C051A9-1BA2-4CAE-B20D-2ACEF1B8C9EE}"
EndProject
Project("{FAE04EC0-301F-11D3-BF4B-00C04F79EFBC}") = "API", "API\API.csproj", "{91669EDD-7944-4D56-A41A-50FBBB6D4654}"
EndProject
Project("{FAE04EC0-301F-11D3-BF4B-00C04F79EFBC}") = "UI", "UI\UI.csproj", "{3F668638-7638-4E48-948F-CC0D2B7ACD6A}"
EndProject
Global
	GlobalSection(SolutionConfigurationPlatforms) = preSolution
		Debug|Any CPU = Debug|Any CPU
		Release|Any CPU = Release|Any CPU
	EndGlobalSection
	GlobalSection(ProjectConfigurationPlatforms) = postSolution
		{C94BE3B3-1CFD-4959-99C0-1C07F8F9C62F}.Debug|Any CPU.ActiveCfg = Debug|Any CPU
		{C94BE3B3-1CFD-4959-99C0-1C07F8F9C62F}.Debug|Any CPU.Build.0 = Debug|Any CPU
		{C94BE3B3-1CFD-4959-99C0-1C07F8F9C62F}.Release|Any CPU.ActiveCfg = Release|Any CPU
		{C94BE3B3-1CFD-4959-99C0-1C07F8F9C62F}.Release|Any CPU.Build.0 = Release|Any CPU
		{920E2B09-E955-4C8F-AFE7-62CA2D3CA3FB}.Debug|Any CPU.ActiveCfg = Debug|Any CPU
		{920E2B09-E955-4C8F-AFE7-62CA2D3CA3FB}.Debug|Any CPU.Build.0 = Debug|Any CPU
		{920E2B09-E955-4C8F-AFE7-62CA2D3CA3FB}.Release|Any CPU.ActiveCfg = Release|Any CPU
		{920E2B09-E955-4C8F-AFE7-62CA2D3CA3FB}.Release|Any CPU.Build.0 = Release|Any CPU
		{91669EDD-7944-4D56-A41A-50FBBB6D4654}.Debug|Any CPU.ActiveCfg = Debug|Any CPU
		{91669EDD-7944-4D56-A41A-50FBBB6D4654}.Debug|Any CPU.Build.0 = Debug|Any CPU
		{91669EDD-7944-4D56-A41A-50FBBB6D4654}.Release|Any CPU.ActiveCfg = Release|Any CPU
		{91669EDD-7944-4D56-A41A-50FBBB6D4654}.Release|Any CPU.Build.0 = Release|Any CPU
		{3F668638-7638-4E48-948F-CC0D2B7ACD6A}.Debug|Any CPU.ActiveCfg = Debug|Any CPU
		{3F668638-7638-4E48-948F-CC0D2B7ACD6A}.Debug|Any CPU.Build.0 = Debug|Any CPU
		{3F668638-7638-4E48-948F-CC0D2B7ACD6A}.Release|Any CPU.ActiveCfg = Release|Any CPU
		{3F668638-7638-4E48-948F-CC0D2B7ACD6A}.Release|Any CPU.Build.0 = Release|Any CPU
	EndGlobalSection
	GlobalSection(SolutionProperties) = preSolution
		HideSolutionNode = FALSE
	EndGlobalSection
	GlobalSection(NestedProjects) = preSolution
		{C94BE3B3-1CFD-4959-99C0-1C07F8F9C62F} = {50C051A9-1BA2-4CAE-B20D-2ACEF1B8C9EE}
		{920E2B09-E955-4C8F-AFE7-62CA2D3CA3FB} = {B19F8E02-80CE-46DE-BFBF-55220F2F144D}
		{91669EDD-7944-4D56-A41A-50FBBB6D4654} = {B19F8E02-80CE-46DE-BFBF-55220F2F144D}
		{3F668638-7638-4E48-948F-CC0D2B7ACD6A} = {B19F8E02-80CE-46DE-BFBF-55220F2F144D}
	EndGlobalSection
	GlobalSection(ExtensibilityGlobals) = postSolution
		SolutionGuid = {BA13F546-177E-4566-AF4E-1724E761630E}
	EndGlobalSection
EndGlobal
